
Microsoft Visual Studio Solution File, Format Version 12.00
# Visual Studio Version 16
VisualStudioVersion = 16.0.31019.35
MinimumVisualStudioVersion = 10.0.40219.1
Project("{FAE04EC0-301F-11D3-BF4B-00C04F79EFBC}") = "Entities", "Entities\Entities.csproj", "{74EA10DE-AD10-4FDE-A27D-32B2BFB85A8C}"
EndProject
Project("{FAE04EC0-301F-11D3-BF4B-00C04F79EFBC}") = "DataAccess", "DataAccess\DataAccess.csproj", "{10932575-F8AF-4F86-8EA0-AF8E82F7E3BA}"
EndProject
Project("{FAE04EC0-301F-11D3-BF4B-00C04F79EFBC}") = "Business", "Business\Business.csproj", "{786D4E76-9F17-4889-BDB0-A911CC73D091}"
EndProject
Project("{FAE04EC0-301F-11D3-BF4B-00C04F79EFBC}") = "Console", "Console\Console.csproj", "{AA2D151E-792E-471A-8086-CDA5D41FAE22}"
EndProject
Global
	GlobalSection(SolutionConfigurationPlatforms) = preSolution
		Debug|Any CPU = Debug|Any CPU
		Release|Any CPU = Release|Any CPU
	EndGlobalSection
	GlobalSection(ProjectConfigurationPlatforms) = postSolution
		{74EA10DE-AD10-4FDE-A27D-32B2BFB85A8C}.Debug|Any CPU.ActiveCfg = Debug|Any CPU
		{74EA10DE-AD10-4FDE-A27D-32B2BFB85A8C}.Debug|Any CPU.Build.0 = Debug|Any CPU
		{74EA10DE-AD10-4FDE-A27D-32B2BFB85A8C}.Release|Any CPU.ActiveCfg = Release|Any CPU
		{74EA10DE-AD10-4FDE-A27D-32B2BFB85A8C}.Release|Any CPU.Build.0 = Release|Any CPU
		{10932575-F8AF-4F86-8EA0-AF8E82F7E3BA}.Debug|Any CPU.ActiveCfg = Debug|Any CPU
		{10932575-F8AF-4F86-8EA0-AF8E82F7E3BA}.Debug|Any CPU.Build.0 = Debug|Any CPU
		{10932575-F8AF-4F86-8EA0-AF8E82F7E3BA}.Release|Any CPU.ActiveCfg = Release|Any CPU
		{10932575-F8AF-4F86-8EA0-AF8E82F7E3BA}.Release|Any CPU.Build.0 = Release|Any CPU
		{786D4E76-9F17-4889-BDB0-A911CC73D091}.Debug|Any CPU.ActiveCfg = Debug|Any CPU
		{786D4E76-9F17-4889-BDB0-A911CC73D091}.Debug|Any CPU.Build.0 = Debug|Any CPU
		{786D4E76-9F17-4889-BDB0-A911CC73D091}.Release|Any CPU.ActiveCfg = Release|Any CPU
		{786D4E76-9F17-4889-BDB0-A911CC73D091}.Release|Any CPU.Build.0 = Release|Any CPU
		{AA2D151E-792E-471A-8086-CDA5D41FAE22}.Debug|Any CPU.ActiveCfg = Debug|Any CPU
		{AA2D151E-792E-471A-8086-CDA5D41FAE22}.Debug|Any CPU.Build.0 = Debug|Any CPU
		{AA2D151E-792E-471A-8086-CDA5D41FAE22}.Release|Any CPU.ActiveCfg = Release|Any CPU
		{AA2D151E-792E-471A-8086-CDA5D41FAE22}.Release|Any CPU.Build.0 = Release|Any CPU
	EndGlobalSection
	GlobalSection(SolutionProperties) = preSolution
		HideSolutionNode = FALSE
	EndGlobalSection
	GlobalSection(ExtensibilityGlobals) = postSolution
		SolutionGuid = {D0592D8B-AC52-45B0-A8C5-4006C0DBDCF0}
	EndGlobalSection
EndGlobal
