
Microsoft Visual Studio Solution File, Format Version 12.00
# Visual Studio Version 16
VisualStudioVersion = 16.0.31005.135
MinimumVisualStudioVersion = 10.0.40219.1
Project("{FAE04EC0-301F-11D3-BF4B-00C04F79EFBC}") = "MyDictionary", "MyDictionary\MyDictionary.csproj", "{97F438CB-E680-42DA-A2FC-2FBF093CABAC}"
EndProject
Global
	GlobalSection(SolutionConfigurationPlatforms) = preSolution
		Debug|Any CPU = Debug|Any CPU
		Release|Any CPU = Release|Any CPU
	EndGlobalSection
	GlobalSection(ProjectConfigurationPlatforms) = postSolution
		{97F438CB-E680-42DA-A2FC-2FBF093CABAC}.Debug|Any CPU.ActiveCfg = Debug|Any CPU
		{97F438CB-E680-42DA-A2FC-2FBF093CABAC}.Debug|Any CPU.Build.0 = Debug|Any CPU
		{97F438CB-E680-42DA-A2FC-2FBF093CABAC}.Release|Any CPU.ActiveCfg = Release|Any CPU
		{97F438CB-E680-42DA-A2FC-2FBF093CABAC}.Release|Any CPU.Build.0 = Release|Any CPU
	EndGlobalSection
	GlobalSection(SolutionProperties) = preSolution
		HideSolutionNode = FALSE
	EndGlobalSection
	GlobalSection(ExtensibilityGlobals) = postSolution
		SolutionGuid = {8153060D-5677-4F9A-9A52-36324CD86A5D}
	EndGlobalSection
EndGlobal
